
Microsoft Visual Studio Solution File, Format Version 9.00
# Visual Studio 2005
Project("{9A19103F-16F7-4668-BE54-9A1E7A4F7556}") = "ImageToASCIIconverter", "ImageToASCIIconverter.csproj", "{1650F96F-2B17-46A4-AD87-BE09D1C68808}"
EndProject
Global
	GlobalSection(SolutionConfigurationPlatforms) = preSolution
		Debug|Any CPU = Debug|Any CPU
		Release|Any CPU = Release|Any CPU
	EndGlobalSection
	GlobalSection(ProjectConfigurationPlatforms) = postSolution
		{1650F96F-2B17-46A4-AD87-BE09D1C68808}.Debug|Any CPU.ActiveCfg = Debug|Any CPU
		{1650F96F-2B17-46A4-AD87-BE09D1C68808}.Debug|Any CPU.Build.0 = Debug|Any CPU
		{1650F96F-2B17-46A4-AD87-BE09D1C68808}.Release|Any CPU.ActiveCfg = Release|Any CPU
		{1650F96F-2B17-46A4-AD87-BE09D1C68808}.Release|Any CPU.Build.0 = Release|Any CPU
	EndGlobalSection
	GlobalSection(SolutionProperties) = preSolution
		HideSolutionNode = FALSE
	EndGlobalSection
EndGlobal
